// !$*UTF8*$!
{
	archiveVersion = 1;
	classes = {
	};
	objectVersion = 50;
	objects = {

/* Begin PBXBuildFile section */
		4D0CF11222372D8F00ED86D3 /* Log.swift in Sources */ = {isa = PBXBuildFile; fileRef = 4D0CF11122372D8F00ED86D3 /* Log.swift */; };
		4DEE355F223872E40024C3FC /* CharacterSet-decimalDigitsAndDecimals.swift in Sources */ = {isa = PBXBuildFile; fileRef = 4DEE355E223872E40024C3FC /* CharacterSet-decimalDigitsAndDecimals.swift */; };
		BE0AEC0D22349D7100E43074 /* AppDelegate.swift in Sources */ = {isa = PBXBuildFile; fileRef = BE0AEC0C22349D7100E43074 /* AppDelegate.swift */; };
		BE0AEC0F22349D7100E43074 /* MainViewController.swift in Sources */ = {isa = PBXBuildFile; fileRef = BE0AEC0E22349D7100E43074 /* MainViewController.swift */; };
		BE0AEC1222349D7100E43074 /* Main.storyboard in Resources */ = {isa = PBXBuildFile; fileRef = BE0AEC1022349D7100E43074 /* Main.storyboard */; };
		BE0AEC1422349D7400E43074 /* Assets.xcassets in Resources */ = {isa = PBXBuildFile; fileRef = BE0AEC1322349D7400E43074 /* Assets.xcassets */; };
		BE0AEC1722349D7400E43074 /* LaunchScreen.storyboard in Resources */ = {isa = PBXBuildFile; fileRef = BE0AEC1522349D7400E43074 /* LaunchScreen.storyboard */; };
		BE0AEC1F2234A1BD00E43074 /* LogTableViewController.swift in Sources */ = {isa = PBXBuildFile; fileRef = BE0AEC1E2234A1BD00E43074 /* LogTableViewController.swift */; };
		BEF025782238863100E15F77 /* Double-rounded.swift in Sources */ = {isa = PBXBuildFile; fileRef = BEF025772238863100E15F77 /* Double-rounded.swift */; };
		BEF025AF2238CA5200E15F77 /* MilageCalculatorTests.swift in Sources */ = {isa = PBXBuildFile; fileRef = BEF025AE2238CA5200E15F77 /* MilageCalculatorTests.swift */; };
/* End PBXBuildFile section */

/* Begin PBXContainerItemProxy section */
		BEF025B12238CA5200E15F77 /* PBXContainerItemProxy */ = {
			isa = PBXContainerItemProxy;
			containerPortal = BE0AEC0122349D7100E43074 /* Project object */;
			proxyType = 1;
			remoteGlobalIDString = BE0AEC0822349D7100E43074;
			remoteInfo = MilageCalculator;
		};
/* End PBXContainerItemProxy section */

/* Begin PBXFileReference section */
		4D0CF11122372D8F00ED86D3 /* Log.swift */ = {isa = PBXFileReference; lastKnownFileType = sourcecode.swift; path = Log.swift; sourceTree = "<group>"; };
		4DEE355E223872E40024C3FC /* CharacterSet-decimalDigitsAndDecimals.swift */ = {isa = PBXFileReference; lastKnownFileType = sourcecode.swift; path = "CharacterSet-decimalDigitsAndDecimals.swift"; sourceTree = "<group>"; };
		BE0AEC0922349D7100E43074 /* MilageCalculator.app */ = {isa = PBXFileReference; explicitFileType = wrapper.application; includeInIndex = 0; path = MilageCalculator.app; sourceTree = BUILT_PRODUCTS_DIR; };
		BE0AEC0C22349D7100E43074 /* AppDelegate.swift */ = {isa = PBXFileReference; lastKnownFileType = sourcecode.swift; path = AppDelegate.swift; sourceTree = "<group>"; };
		BE0AEC0E22349D7100E43074 /* MainViewController.swift */ = {isa = PBXFileReference; lastKnownFileType = sourcecode.swift; path = MainViewController.swift; sourceTree = "<group>"; };
		BE0AEC1122349D7100E43074 /* Base */ = {isa = PBXFileReference; lastKnownFileType = file.storyboard; name = Base; path = Base.lproj/Main.storyboard; sourceTree = "<group>"; };
		BE0AEC1322349D7400E43074 /* Assets.xcassets */ = {isa = PBXFileReference; lastKnownFileType = folder.assetcatalog; path = Assets.xcassets; sourceTree = "<group>"; };
		BE0AEC1622349D7400E43074 /* Base */ = {isa = PBXFileReference; lastKnownFileType = file.storyboard; name = Base; path = Base.lproj/LaunchScreen.storyboard; sourceTree = "<group>"; };
		BE0AEC1822349D7400E43074 /* Info.plist */ = {isa = PBXFileReference; lastKnownFileType = text.plist.xml; path = Info.plist; sourceTree = "<group>"; };
		BE0AEC1E2234A1BD00E43074 /* LogTableViewController.swift */ = {isa = PBXFileReference; lastKnownFileType = sourcecode.swift; path = LogTableViewController.swift; sourceTree = "<group>"; };
		BEF025772238863100E15F77 /* Double-rounded.swift */ = {isa = PBXFileReference; lastKnownFileType = sourcecode.swift; path = "Double-rounded.swift"; sourceTree = "<group>"; };
		BEF025AC2238CA5200E15F77 /* MilageCalculatorTests.xctest */ = {isa = PBXFileReference; explicitFileType = wrapper.cfbundle; includeInIndex = 0; path = MilageCalculatorTests.xctest; sourceTree = BUILT_PRODUCTS_DIR; };
		BEF025AE2238CA5200E15F77 /* MilageCalculatorTests.swift */ = {isa = PBXFileReference; lastKnownFileType = sourcecode.swift; path = MilageCalculatorTests.swift; sourceTree = "<group>"; };
		BEF025B02238CA5200E15F77 /* Info.plist */ = {isa = PBXFileReference; lastKnownFileType = text.plist.xml; path = Info.plist; sourceTree = "<group>"; };
/* End PBXFileReference section */

/* Begin PBXFrameworksBuildPhase section */
		BE0AEC0622349D7100E43074 /* Frameworks */ = {
			isa = PBXFrameworksBuildPhase;
			buildActionMask = 2147483647;
			files = (
			);
			runOnlyForDeploymentPostprocessing = 0;
		};
		BEF025A92238CA5200E15F77 /* Frameworks */ = {
			isa = PBXFrameworksBuildPhase;
			buildActionMask = 2147483647;
			files = (
			);
			runOnlyForDeploymentPostprocessing = 0;
		};
/* End PBXFrameworksBuildPhase section */

/* Begin PBXGroup section */
		BE0AEC0022349D7100E43074 = {
			isa = PBXGroup;
			children = (
				BE0AEC0B22349D7100E43074 /* MilageCalculator */,
				BEF025AD2238CA5200E15F77 /* MilageCalculatorTests */,
				BE0AEC0A22349D7100E43074 /* Products */,
			);
			sourceTree = "<group>";
		};
		BE0AEC0A22349D7100E43074 /* Products */ = {
			isa = PBXGroup;
			children = (
				BE0AEC0922349D7100E43074 /* MilageCalculator.app */,
				BEF025AC2238CA5200E15F77 /* MilageCalculatorTests.xctest */,
			);
			name = Products;
			sourceTree = "<group>";
		};
		BE0AEC0B22349D7100E43074 /* MilageCalculator */ = {
			isa = PBXGroup;
			children = (
				BE0AEC0C22349D7100E43074 /* AppDelegate.swift */,
				BE0AEC0E22349D7100E43074 /* MainViewController.swift */,
				BE0AEC1E2234A1BD00E43074 /* LogTableViewController.swift */,
				4D0CF11122372D8F00ED86D3 /* Log.swift */,
				4DEE355E223872E40024C3FC /* CharacterSet-decimalDigitsAndDecimals.swift */,
				BE0AEC1022349D7100E43074 /* Main.storyboard */,
				BEF025772238863100E15F77 /* Double-rounded.swift */,
				BE0AEC1322349D7400E43074 /* Assets.xcassets */,
				BE0AEC1522349D7400E43074 /* LaunchScreen.storyboard */,
				BE0AEC1822349D7400E43074 /* Info.plist */,
			);
			path = MilageCalculator;
			sourceTree = "<group>";
		};
		BEF025AD2238CA5200E15F77 /* MilageCalculatorTests */ = {
			isa = PBXGroup;
			children = (
				BEF025AE2238CA5200E15F77 /* MilageCalculatorTests.swift */,
				BEF025B02238CA5200E15F77 /* Info.plist */,
			);
			path = MilageCalculatorTests;
			sourceTree = "<group>";
		};
/* End PBXGroup section */

/* Begin PBXNativeTarget section */
		BE0AEC0822349D7100E43074 /* MilageCalculator */ = {
			isa = PBXNativeTarget;
			buildConfigurationList = BE0AEC1B22349D7400E43074 /* Build configuration list for PBXNativeTarget "MilageCalculator" */;
			buildPhases = (
				BE0AEC0522349D7100E43074 /* Sources */,
				BE0AEC0622349D7100E43074 /* Frameworks */,
				BE0AEC0722349D7100E43074 /* Resources */,
			);
			buildRules = (
			);
			dependencies = (
			);
			name = MilageCalculator;
			productName = MilageCalculator;
			productReference = BE0AEC0922349D7100E43074 /* MilageCalculator.app */;
			productType = "com.apple.product-type.application";
		};
		BEF025AB2238CA5200E15F77 /* MilageCalculatorTests */ = {
			isa = PBXNativeTarget;
			buildConfigurationList = BEF025B32238CA5200E15F77 /* Build configuration list for PBXNativeTarget "MilageCalculatorTests" */;
			buildPhases = (
				BEF025A82238CA5200E15F77 /* Sources */,
				BEF025A92238CA5200E15F77 /* Frameworks */,
				BEF025AA2238CA5200E15F77 /* Resources */,
			);
			buildRules = (
			);
			dependencies = (
				BEF025B22238CA5200E15F77 /* PBXTargetDependency */,
			);
			name = MilageCalculatorTests;
			productName = MilageCalculatorTests;
			productReference = BEF025AC2238CA5200E15F77 /* MilageCalculatorTests.xctest */;
			productType = "com.apple.product-type.bundle.unit-test";
		};
/* End PBXNativeTarget section */

/* Begin PBXProject section */
		BE0AEC0122349D7100E43074 /* Project object */ = {
			isa = PBXProject;
			attributes = {
				LastSwiftUpdateCheck = 1010;
				LastUpgradeCheck = 1010;
				ORGANIZATIONNAME = "Will Laxson";
				TargetAttributes = {
					BE0AEC0822349D7100E43074 = {
						CreatedOnToolsVersion = 10.1;
					};
					BEF025AB2238CA5200E15F77 = {
						CreatedOnToolsVersion = 10.1;
						TestTargetID = BE0AEC0822349D7100E43074;
					};
				};
			};
			buildConfigurationList = BE0AEC0422349D7100E43074 /* Build configuration list for PBXProject "MilageCalculator" */;
			compatibilityVersion = "Xcode 9.3";
			developmentRegion = en;
			hasScannedForEncodings = 0;
			knownRegions = (
				en,
				Base,
			);
			mainGroup = BE0AEC0022349D7100E43074;
			productRefGroup = BE0AEC0A22349D7100E43074 /* Products */;
			projectDirPath = "";
			projectRoot = "";
			targets = (
				BE0AEC0822349D7100E43074 /* MilageCalculator */,
				BEF025AB2238CA5200E15F77 /* MilageCalculatorTests */,
			);
		};
/* End PBXProject section */

/* Begin PBXResourcesBuildPhase section */
		BE0AEC0722349D7100E43074 /* Resources */ = {
			isa = PBXResourcesBuildPhase;
			buildActionMask = 2147483647;
			files = (
				BE0AEC1722349D7400E43074 /* LaunchScreen.storyboard in Resources */,
				BE0AEC1422349D7400E43074 /* Assets.xcassets in Resources */,
				BE0AEC1222349D7100E43074 /* Main.storyboard in Resources */,
			);
			runOnlyForDeploymentPostprocessing = 0;
		};
		BEF025AA2238CA5200E15F77 /* Resources */ = {
			isa = PBXResourcesBuildPhase;
			buildActionMask = 2147483647;
			files = (
			);
			runOnlyForDeploymentPostprocessing = 0;
		};
/* End PBXResourcesBuildPhase section */

/* Begin PBXSourcesBuildPhase section */
		BE0AEC0522349D7100E43074 /* Sources */ = {
			isa = PBXSourcesBuildPhase;
			buildActionMask = 2147483647;
			files = (
				BE0AEC1F2234A1BD00E43074 /* LogTableViewController.swift in Sources */,
				BE0AEC0F22349D7100E43074 /* MainViewController.swift in Sources */,
				4DEE355F223872E40024C3FC /* CharacterSet-decimalDigitsAndDecimals.swift in Sources */,
				4D0CF11222372D8F00ED86D3 /* Log.swift in Sources */,
				BEF025782238863100E15F77 /* Double-rounded.swift in Sources */,
				BE0AEC0D22349D7100E43074 /* AppDelegate.swift in Sources */,
			);
			runOnlyForDeploymentPostprocessing = 0;
		};
		BEF025A82238CA5200E15F77 /* Sources */ = {
			isa = PBXSourcesBuildPhase;
			buildActionMask = 2147483647;
			files = (
				BEF025AF2238CA5200E15F77 /* MilageCalculatorTests.swift in Sources */,
			);
			runOnlyForDeploymentPostprocessing = 0;
		};
/* End PBXSourcesBuildPhase section */

/* Begin PBXTargetDependency section */
		BEF025B22238CA5200E15F77 /* PBXTargetDependency */ = {
			isa = PBXTargetDependency;
			target = BE0AEC0822349D7100E43074 /* MilageCalculator */;
			targetProxy = BEF025B12238CA5200E15F77 /* PBXContainerItemProxy */;
		};
/* End PBXTargetDependency section */

/* Begin PBXVariantGroup section */
		BE0AEC1022349D7100E43074 /* Main.storyboard */ = {
			isa = PBXVariantGroup;
			children = (
				BE0AEC1122349D7100E43074 /* Base */,
			);
			name = Main.storyboard;
			sourceTree = "<group>";
		};
		BE0AEC1522349D7400E43074 /* LaunchScreen.storyboard */ = {
			isa = PBXVariantGroup;
			children = (
				BE0AEC1622349D7400E43074 /* Base */,
			);
			name = LaunchScreen.storyboard;
			sourceTree = "<group>";
		};
/* End PBXVariantGroup section */

/* Begin XCBuildConfiguration section */
		BE0AEC1922349D7400E43074 /* Debug */ = {
			isa = XCBuildConfiguration;
			buildSettings = {
				ALWAYS_SEARCH_USER_PATHS = NO;
				CLANG_ANALYZER_NONNULL = YES;
				CLANG_ANALYZER_NUMBER_OBJECT_CONVERSION = YES_AGGRESSIVE;
				CLANG_CXX_LANGUAGE_STANDARD = "gnu++14";
				CLANG_CXX_LIBRARY = "libc++";
				CLANG_ENABLE_MODULES = YES;
				CLANG_ENABLE_OBJC_ARC = YES;
				CLANG_ENABLE_OBJC_WEAK = YES;
				CLANG_WARN_BLOCK_CAPTURE_AUTORELEASING = YES;
				CLANG_WARN_BOOL_CONVERSION = YES;
				CLANG_WARN_COMMA = YES;
				CLANG_WARN_CONSTANT_CONVERSION = YES;
				CLANG_WARN_DEPRECATED_OBJC_IMPLEMENTATIONS = YES;
				CLANG_WARN_DIRECT_OBJC_ISA_USAGE = YES_ERROR;
				CLANG_WARN_DOCUMENTATION_COMMENTS = YES;
				CLANG_WARN_EMPTY_BODY = YES;
				CLANG_WARN_ENUM_CONVERSION = YES;
				CLANG_WARN_INFINITE_RECURSION = YES;
				CLANG_WARN_INT_CONVERSION = YES;
				CLANG_WARN_NON_LITERAL_NULL_CONVERSION = YES;
				CLANG_WARN_OBJC_IMPLICIT_RETAIN_SELF = YES;
				CLANG_WARN_OBJC_LITERAL_CONVERSION = YES;
				CLANG_WARN_OBJC_ROOT_CLASS = YES_ERROR;
				CLANG_WARN_RANGE_LOOP_ANALYSIS = YES;
				CLANG_WARN_STRICT_PROTOTYPES = YES;
				CLANG_WARN_SUSPICIOUS_MOVE = YES;
				CLANG_WARN_UNGUARDED_AVAILABILITY = YES_AGGRESSIVE;
				CLANG_WARN_UNREACHABLE_CODE = YES;
				CLANG_WARN__DUPLICATE_METHOD_MATCH = YES;
				CODE_SIGN_IDENTITY = "iPhone Developer";
				COPY_PHASE_STRIP = NO;
				DEBUG_INFORMATION_FORMAT = dwarf;
				ENABLE_STRICT_OBJC_MSGSEND = YES;
				ENABLE_TESTABILITY = YES;
				GCC_C_LANGUAGE_STANDARD = gnu11;
				GCC_DYNAMIC_NO_PIC = NO;
				GCC_NO_COMMON_BLOCKS = YES;
				GCC_OPTIMIZATION_LEVEL = 0;
				GCC_PREPROCESSOR_DEFINITIONS = (
					"DEBUG=1",
					"$(inherited)",
				);
				GCC_WARN_64_TO_32_BIT_CONVERSION = YES;
				GCC_WARN_ABOUT_RETURN_TYPE = YES_ERROR;
				GCC_WARN_UNDECLARED_SELECTOR = YES;
				GCC_WARN_UNINITIALIZED_AUTOS = YES_AGGRESSIVE;
				GCC_WARN_UNUSED_FUNCTION = YES;
				GCC_WARN_UNUSED_VARIABLE = YES;
				IPHONEOS_DEPLOYMENT_TARGET = 12.1;
				MTL_ENABLE_DEBUG_INFO = INCLUDE_SOURCE;
				MTL_FAST_MATH = YES;
				ONLY_ACTIVE_ARCH = YES;
				SDKROOT = iphoneos;
				SWIFT_ACTIVE_COMPILATION_CONDITIONS = DEBUG;
				SWIFT_OPTIMIZATION_LEVEL = "-Onone";
			};
			name = Debug;
		};
		BE0AEC1A22349D7400E43074 /* Release */ = {
			isa = XCBuildConfiguration;
			buildSettings = {
				ALWAYS_SEARCH_USER_PATHS = NO;
				CLANG_ANALYZER_NONNULL = YES;
				CLANG_ANALYZER_NUMBER_OBJECT_CONVERSION = YES_AGGRESSIVE;
				CLANG_CXX_LANGUAGE_STANDARD = "gnu++14";
				CLANG_CXX_LIBRARY = "libc++";
				CLANG_ENABLE_MODULES = YES;
				CLANG_ENABLE_OBJC_ARC = YES;
				CLANG_ENABLE_OBJC_WEAK = YES;
				CLANG_WARN_BLOCK_CAPTURE_AUTORELEASING = YES;
				CLANG_WARN_BOOL_CONVERSION = YES;
				CLANG_WARN_COMMA = YES;
				CLANG_WARN_CONSTANT_CONVERSION = YES;
				CLANG_WARN_DEPRECATED_OBJC_IMPLEMENTATIONS = YES;
				CLANG_WARN_DIRECT_OBJC_ISA_USAGE = YES_ERROR;
				CLANG_WARN_DOCUMENTATION_COMMENTS = YES;
				CLANG_WARN_EMPTY_BODY = YES;
				CLANG_WARN_ENUM_CONVERSION = YES;
				CLANG_WARN_INFINITE_RECURSION = YES;
				CLANG_WARN_INT_CONVERSION = YES;
				CLANG_WARN_NON_LITERAL_NULL_CONVERSION = YES;
				CLANG_WARN_OBJC_IMPLICIT_RETAIN_SELF = YES;
				CLANG_WARN_OBJC_LITERAL_CONVERSION = YES;
				CLANG_WARN_OBJC_ROOT_CLASS = YES_ERROR;
				CLANG_WARN_RANGE_LOOP_ANALYSIS = YES;
				CLANG_WARN_STRICT_PROTOTYPES = YES;
				CLANG_WARN_SUSPICIOUS_MOVE = YES;
				CLANG_WARN_UNGUARDED_AVAILABILITY = YES_AGGRESSIVE;
				CLANG_WARN_UNREACHABLE_CODE = YES;
				CLANG_WARN__DUPLICATE_METHOD_MATCH = YES;
				CODE_SIGN_IDENTITY = "iPhone Developer";
				COPY_PHASE_STRIP = NO;
				DEBUG_INFORMATION_FORMAT = "dwarf-with-dsym";
				ENABLE_NS_ASSERTIONS = NO;
				ENABLE_STRICT_OBJC_MSGSEND = YES;
				GCC_C_LANGUAGE_STANDARD = gnu11;
				GCC_NO_COMMON_BLOCKS = YES;
				GCC_WARN_64_TO_32_BIT_CONVERSION = YES;
				GCC_WARN_ABOUT_RETURN_TYPE = YES_ERROR;
				GCC_WARN_UNDECLARED_SELECTOR = YES;
				GCC_WARN_UNINITIALIZED_AUTOS = YES_AGGRESSIVE;
				GCC_WARN_UNUSED_FUNCTION = YES;
				GCC_WARN_UNUSED_VARIABLE = YES;
				IPHONEOS_DEPLOYMENT_TARGET = 12.1;
				MTL_ENABLE_DEBUG_INFO = NO;
				MTL_FAST_MATH = YES;
				SDKROOT = iphoneos;
				SWIFT_COMPILATION_MODE = wholemodule;
				SWIFT_OPTIMIZATION_LEVEL = "-O";
				VALIDATE_PRODUCT = YES;
			};
			name = Release;
		};
		BE0AEC1C22349D7400E43074 /* Debug */ = {
			isa = XCBuildConfiguration;
			buildSettings = {
				ASSETCATALOG_COMPILER_APPICON_NAME = AppIcon;
				CODE_SIGN_STYLE = Automatic;
				INFOPLIST_FILE = MilageCalculator/Info.plist;
				LD_RUNPATH_SEARCH_PATHS = (
					"$(inherited)",
					"@executable_path/Frameworks",
				);
				PRODUCT_BUNDLE_IDENTIFIER = Bestest.MilageCalculator;
				PRODUCT_NAME = "$(TARGET_NAME)";
				SWIFT_VERSION = 4.2;
				TARGETED_DEVICE_FAMILY = "1,2";
			};
			name = Debug;
		};
		BE0AEC1D22349D7400E43074 /* Release */ = {
			isa = XCBuildConfiguration;
			buildSettings = {
				ASSETCATALOG_COMPILER_APPICON_NAME = AppIcon;
				CODE_SIGN_STYLE = Automatic;
				INFOPLIST_FILE = MilageCalculator/Info.plist;
				LD_RUNPATH_SEARCH_PATHS = (
					"$(inherited)",
					"@executable_path/Frameworks",
				);
				PRODUCT_BUNDLE_IDENTIFIER = Bestest.MilageCalculator;
				PRODUCT_NAME = "$(TARGET_NAME)";
				SWIFT_VERSION = 4.2;
				TARGETED_DEVICE_FAMILY = "1,2";
			};
			name = Release;
		};
		BEF025B42238CA5200E15F77 /* Debug */ = {
			isa = XCBuildConfiguration;
			buildSettings = {
				BUNDLE_LOADER = "$(TEST_HOST)";
				CODE_SIGN_STYLE = Automatic;
				INFOPLIST_FILE = MilageCalculatorTests/Info.plist;
				LD_RUNPATH_SEARCH_PATHS = (
					"$(inherited)",
					"@executable_path/Frameworks",
					"@loader_path/Frameworks",
				);
				PRODUCT_BUNDLE_IDENTIFIER = Bestest.MilageCalculatorTests;
				PRODUCT_NAME = "$(TARGET_NAME)";
				SWIFT_VERSION = 4.2;
				TARGETED_DEVICE_FAMILY = "1,2";
				TEST_HOST = "$(BUILT_PRODUCTS_DIR)/MilageCalculator.app/MilageCalculator";
			};
			name = Debug;
		};
		BEF025B52238CA5200E15F77 /* Release */ = {
			isa = XCBuildConfiguration;
			buildSettings = {
				BUNDLE_LOADER = "$(TEST_HOST)";
				CODE_SIGN_STYLE = Automatic;
				INFOPLIST_FILE = MilageCalculatorTests/Info.plist;
				LD_RUNPATH_SEARCH_PATHS = (
					"$(inherited)",
					"@executable_path/Frameworks",
					"@loader_path/Frameworks",
				);
				PRODUCT_BUNDLE_IDENTIFIER = Bestest.MilageCalculatorTests;
				PRODUCT_NAME = "$(TARGET_NAME)";
				SWIFT_VERSION = 4.2;
				TARGETED_DEVICE_FAMILY = "1,2";
				TEST_HOST = "$(BUILT_PRODUCTS_DIR)/MilageCalculator.app/MilageCalculator";
			};
			name = Release;
		};
/* End XCBuildConfiguration section */

/* Begin XCConfigurationList section */
		BE0AEC0422349D7100E43074 /* Build configuration list for PBXProject "MilageCalculator" */ = {
			isa = XCConfigurationList;
			buildConfigurations = (
				BE0AEC1922349D7400E43074 /* Debug */,
				BE0AEC1A22349D7400E43074 /* Release */,
			);
			defaultConfigurationIsVisible = 0;
			defaultConfigurationName = Release;
		};
		BE0AEC1B22349D7400E43074 /* Build configuration list for PBXNativeTarget "MilageCalculator" */ = {
			isa = XCConfigurationList;
			buildConfigurations = (
				BE0AEC1C22349D7400E43074 /* Debug */,
				BE0AEC1D22349D7400E43074 /* Release */,
			);
			defaultConfigurationIsVisible = 0;
			defaultConfigurationName = Release;
		};
		BEF025B32238CA5200E15F77 /* Build configuration list for PBXNativeTarget "MilageCalculatorTests" */ = {
			isa = XCConfigurationList;
			buildConfigurations = (
				BEF025B42238CA5200E15F77 /* Debug */,
				BEF025B52238CA5200E15F77 /* Release */,
			);
			defaultConfigurationIsVisible = 0;
			defaultConfigurationName = Release;
		};
/* End XCConfigurationList section */
	};
	rootObject = BE0AEC0122349D7100E43074 /* Project object */;
}
